
Microsoft Visual Studio Solution File, Format Version 12.00
# Visual Studio 15
VisualStudioVersion = 15.0.27703.2026
MinimumVisualStudioVersion = 10.0.40219.1
Project("{2150E333-8FDC-42A3-9474-1A3956D46DE8}") = "src", "src", "{C100A36E-D6C9-43F9-AD82-209C725DE6D7}"
EndProject
Project("{2150E333-8FDC-42A3-9474-1A3956D46DE8}") = "UnitTest", "UnitTest", "{774FE08D-EE69-48B8-A97F-19B62FD520A2}"
EndProject
Project("{9A19103F-16F7-4668-BE54-9A1E7A4F7556}") = "SpecificDataStructures", "Src\SpecificDataStructures\SpecificDataStructures.csproj", "{8C197D08-B54E-4B83-8CC0-27B53674D0EF}"
EndProject
Project("{9A19103F-16F7-4668-BE54-9A1E7A4F7556}") = "SpecificDataStructuresUnitTest", "UnitTest\SpecificDataStructuresUnitTest\SpecificDataStructuresUnitTest.csproj", "{15491548-7815-41DD-9A12-29177D54E755}"
EndProject
Global
	GlobalSection(SolutionConfigurationPlatforms) = preSolution
		Debug|Any CPU = Debug|Any CPU
		Release|Any CPU = Release|Any CPU
	EndGlobalSection
	GlobalSection(ProjectConfigurationPlatforms) = postSolution
		{8C197D08-B54E-4B83-8CC0-27B53674D0EF}.Debug|Any CPU.ActiveCfg = Debug|Any CPU
		{8C197D08-B54E-4B83-8CC0-27B53674D0EF}.Debug|Any CPU.Build.0 = Debug|Any CPU
		{8C197D08-B54E-4B83-8CC0-27B53674D0EF}.Release|Any CPU.ActiveCfg = Release|Any CPU
		{8C197D08-B54E-4B83-8CC0-27B53674D0EF}.Release|Any CPU.Build.0 = Release|Any CPU
		{15491548-7815-41DD-9A12-29177D54E755}.Debug|Any CPU.ActiveCfg = Debug|Any CPU
		{15491548-7815-41DD-9A12-29177D54E755}.Debug|Any CPU.Build.0 = Debug|Any CPU
		{15491548-7815-41DD-9A12-29177D54E755}.Release|Any CPU.ActiveCfg = Release|Any CPU
		{15491548-7815-41DD-9A12-29177D54E755}.Release|Any CPU.Build.0 = Release|Any CPU
	EndGlobalSection
	GlobalSection(SolutionProperties) = preSolution
		HideSolutionNode = FALSE
	EndGlobalSection
	GlobalSection(NestedProjects) = preSolution
		{8C197D08-B54E-4B83-8CC0-27B53674D0EF} = {C100A36E-D6C9-43F9-AD82-209C725DE6D7}
		{15491548-7815-41DD-9A12-29177D54E755} = {774FE08D-EE69-48B8-A97F-19B62FD520A2}
	EndGlobalSection
	GlobalSection(ExtensibilityGlobals) = postSolution
		SolutionGuid = {B8B32FFA-3B05-4B35-9F81-D891B78CC5F2}
	EndGlobalSection
EndGlobal
